<Solution>
  <Folder Name="/Docker Compose/">
    <File Path="compose.yml" />
  </Folder>
  <Project Path="ApiGateway/ApiGateway.csproj" Id="363ed211-141f-4bf6-ac5c-9ddd829b7cf9" />
  <Project Path="NotificationService/NotificationService.csproj" Id="7774a6b2-0511-47c0-986b-b3ab9439797e" />
  <Project Path="OrderService/OrderService.csproj" Id="79c96192-9061-4541-b283-b98050e2a08f" />
  <Project Path="ProductService/ProductService.csproj" />
</Solution>
